
Microsoft Visual Studio Solution File, Format Version 12.00
# Visual Studio Version 17
VisualStudioVersion = 17.9.34728.123
MinimumVisualStudioVersion = 10.0.40219.1
Project("{FAE04EC0-301F-11D3-BF4B-00C04F79EFBC}") = "UserData.Api", "UserData.Api\UserData.Api.csproj", "{C091129F-1834-46ED-A5D2-7FD37F358090}"
EndProject
Project("{FAE04EC0-301F-11D3-BF4B-00C04F79EFBC}") = "UserData.DataAccess", "UserData.DataAccess\UserData.DataAccess.csproj", "{4CE4D249-0B5D-4210-BA62-10CC6D789802}"
EndProject
Project("{FAE04EC0-301F-11D3-BF4B-00C04F79EFBC}") = "UserData.Service", "UserData.Service\UserData.Service.csproj", "{089E9D99-C4E5-47FC-8436-1541040D11F4}"
EndProject
Project("{2150E333-8FDC-42A3-9474-1A3956D46DE8}") = "Tests", "Tests", "{78C422F6-A8E6-478C-8778-D5015E41664A}"
EndProject
Project("{FAE04EC0-301F-11D3-BF4B-00C04F79EFBC}") = "UserData.DataAccess.UnitTests", "UserData.DataAccess.UnitTests\UserData.DataAccess.UnitTests.csproj", "{7632C12A-93FD-46AA-9C75-4DC642B30989}"
EndProject
Project("{FAE04EC0-301F-11D3-BF4B-00C04F79EFBC}") = "UserData.Service.UnitTests", "UserData.Service.UnitTests\UserData.Service.UnitTests.csproj", "{CEC22F98-DDAA-4302-8217-C0C2652671E4}"
EndProject
Global
	GlobalSection(SolutionConfigurationPlatforms) = preSolution
		Debug|Any CPU = Debug|Any CPU
		Release|Any CPU = Release|Any CPU
	EndGlobalSection
	GlobalSection(ProjectConfigurationPlatforms) = postSolution
		{C091129F-1834-46ED-A5D2-7FD37F358090}.Debug|Any CPU.ActiveCfg = Debug|Any CPU
		{C091129F-1834-46ED-A5D2-7FD37F358090}.Debug|Any CPU.Build.0 = Debug|Any CPU
		{C091129F-1834-46ED-A5D2-7FD37F358090}.Release|Any CPU.ActiveCfg = Release|Any CPU
		{C091129F-1834-46ED-A5D2-7FD37F358090}.Release|Any CPU.Build.0 = Release|Any CPU
		{4CE4D249-0B5D-4210-BA62-10CC6D789802}.Debug|Any CPU.ActiveCfg = Debug|Any CPU
		{4CE4D249-0B5D-4210-BA62-10CC6D789802}.Debug|Any CPU.Build.0 = Debug|Any CPU
		{4CE4D249-0B5D-4210-BA62-10CC6D789802}.Release|Any CPU.ActiveCfg = Release|Any CPU
		{4CE4D249-0B5D-4210-BA62-10CC6D789802}.Release|Any CPU.Build.0 = Release|Any CPU
		{089E9D99-C4E5-47FC-8436-1541040D11F4}.Debug|Any CPU.ActiveCfg = Debug|Any CPU
		{089E9D99-C4E5-47FC-8436-1541040D11F4}.Debug|Any CPU.Build.0 = Debug|Any CPU
		{089E9D99-C4E5-47FC-8436-1541040D11F4}.Release|Any CPU.ActiveCfg = Release|Any CPU
		{089E9D99-C4E5-47FC-8436-1541040D11F4}.Release|Any CPU.Build.0 = Release|Any CPU
		{7632C12A-93FD-46AA-9C75-4DC642B30989}.Debug|Any CPU.ActiveCfg = Debug|Any CPU
		{7632C12A-93FD-46AA-9C75-4DC642B30989}.Debug|Any CPU.Build.0 = Debug|Any CPU
		{7632C12A-93FD-46AA-9C75-4DC642B30989}.Release|Any CPU.ActiveCfg = Release|Any CPU
		{7632C12A-93FD-46AA-9C75-4DC642B30989}.Release|Any CPU.Build.0 = Release|Any CPU
		{CEC22F98-DDAA-4302-8217-C0C2652671E4}.Debug|Any CPU.ActiveCfg = Debug|Any CPU
		{CEC22F98-DDAA-4302-8217-C0C2652671E4}.Debug|Any CPU.Build.0 = Debug|Any CPU
		{CEC22F98-DDAA-4302-8217-C0C2652671E4}.Release|Any CPU.ActiveCfg = Release|Any CPU
		{CEC22F98-DDAA-4302-8217-C0C2652671E4}.Release|Any CPU.Build.0 = Release|Any CPU
	EndGlobalSection
	GlobalSection(SolutionProperties) = preSolution
		HideSolutionNode = FALSE
	EndGlobalSection
	GlobalSection(NestedProjects) = preSolution
		{7632C12A-93FD-46AA-9C75-4DC642B30989} = {78C422F6-A8E6-478C-8778-D5015E41664A}
		{CEC22F98-DDAA-4302-8217-C0C2652671E4} = {78C422F6-A8E6-478C-8778-D5015E41664A}
	EndGlobalSection
	GlobalSection(ExtensibilityGlobals) = postSolution
		SolutionGuid = {E99744CF-72CE-46CF-9B3C-FBCE123FEFCB}
	EndGlobalSection
EndGlobal
